{
  "originHash" : "0f34bbd83316e5cafcb07f31bd862568f2f389618da7a4e9a558ecbf1a0b81ed",
  "pins" : [
    {
      "identity" : "chartkit",
      "kind" : "remoteSourceControl",
      "location" : "https://github.com/DanikGuun/ChartKit",
      "state" : {
        "branch" : "master",
        "revision" : "e94d7fabf106c8ad7169476b99c850111e8d9579"
      }
    },
    {
      "identity" : "pinlayout",
      "kind" : "remoteSourceControl",
      "location" : "https://github.com/layoutBox/PinLayout",
      "state" : {
        "revision" : "8eaa3a15e4dcabaca4c95aea4c0ff0c9b4a67213",
        "version" : "1.10.5"
      }
    },
    {
      "identity" : "realm-core",
      "kind" : "remoteSourceControl",
      "location" : "https://github.com/realm/realm-core.git",
      "state" : {
        "revision" : "15493076ad9fef22c16cc64cbfbf9e5b65c385f9",
        "version" : "20.1.0"
      }
    },
    {
      "identity" : "realm-swift",
      "kind" : "remoteSourceControl",
      "location" : "https://github.com/realm/realm-swift",
      "state" : {
        "revision" : "f8d74e90eafa2ac0e760bc674b49f40b593b1483",
        "version" : "20.0.2"
      }
    },
    {
      "identity" : "rikapi",
      "kind" : "remoteSourceControl",
      "location" : "https://github.com/DanikGuun/RikAPI",
      "state" : {
        "branch" : "master",
        "revision" : "ed4c75c897bf29a0389d255722f340a2ee78bc00"
      }
    },
    {
      "identity" : "rxswift?ysclid=mb2leh29pe521596383",
      "kind" : "remoteSourceControl",
      "location" : "https://github.com/ReactiveX/RxSwift?ysclid=mb2leh29pe521596383",
      "state" : {
        "revision" : "5dd1907d64f0d36f158f61a466bab75067224893",
        "version" : "6.9.0"
      }
    }
  ],
  "version" : 3
}
