{
  "originHash" : "53d0fe0ffa632bb5ccf90d793973b70f3a9d1bfe6f6e16b18eb53f6a9a205e6b",
  "pins" : [
    {
      "identity" : "pinlayout",
      "kind" : "remoteSourceControl",
      "location" : "https://github.com/layoutBox/PinLayout",
      "state" : {
        "revision" : "8eaa3a15e4dcabaca4c95aea4c0ff0c9b4a67213",
        "version" : "1.10.5"
      }
    },
    {
      "identity" : "realm-core",
      "kind" : "remoteSourceControl",
      "location" : "https://github.com/realm/realm-core.git",
      "state" : {
        "revision" : "15493076ad9fef22c16cc64cbfbf9e5b65c385f9",
        "version" : "20.1.0"
      }
    },
    {
      "identity" : "realm-swift",
      "kind" : "remoteSourceControl",
      "location" : "https://github.com/realm/realm-swift",
      "state" : {
        "revision" : "f8d74e90eafa2ac0e760bc674b49f40b593b1483",
        "version" : "20.0.2"
      }
    }
  ],
  "version" : 3
}
