{
  "originHash" : "0d59b5944dc7c4d2cb664e280e1ca737a79b1d9ee03ad4905b7234350d0984bf",
  "pins" : [
    {
      "identity" : "pinlayout",
      "kind" : "remoteSourceControl",
      "location" : "https://github.com/layoutBox/PinLayout",
      "state" : {
        "revision" : "8eaa3a15e4dcabaca4c95aea4c0ff0c9b4a67213",
        "version" : "1.10.5"
      }
    },
    {
      "identity" : "realm-core",
      "kind" : "remoteSourceControl",
      "location" : "https://github.com/realm/realm-core.git",
      "state" : {
        "revision" : "15493076ad9fef22c16cc64cbfbf9e5b65c385f9",
        "version" : "20.1.0"
      }
    },
    {
      "identity" : "realm-swift",
      "kind" : "remoteSourceControl",
      "location" : "https://github.com/realm/realm-swift",
      "state" : {
        "revision" : "f8d74e90eafa2ac0e760bc674b49f40b593b1483",
        "version" : "20.0.2"
      }
    },
    {
      "identity" : "rxswift?ysclid=mb2leh29pe521596383",
      "kind" : "remoteSourceControl",
      "location" : "https://github.com/ReactiveX/RxSwift?ysclid=mb2leh29pe521596383",
      "state" : {
        "revision" : "5dd1907d64f0d36f158f61a466bab75067224893",
        "version" : "6.9.0"
      }
    }
  ],
  "version" : 3
}
